// !$*UTF8*$!
{
	archiveVersion = 1;
	classes = {
	};
	objectVersion = 51;
	objects = {

/* Begin PBXBuildFile section */
		323E09E72571B0D60039A07C /* ContributorsTableViewCell.swift in Sources */ = {isa = PBXBuildFile; fileRef = 323E09E52571B0D60039A07C /* ContributorsTableViewCell.swift */; };
		323E09E82571B0D60039A07C /* ContributorsTableViewCell.xib in Resources */ = {isa = PBXBuildFile; fileRef = 323E09E62571B0D60039A07C /* ContributorsTableViewCell.xib */; };
		3276F39725718092005D2C07 /* ChartColorTemplates.swift in Sources */ = {isa = PBXBuildFile; fileRef = 3276F39625718092005D2C07 /* ChartColorTemplates.swift */; };
		327E2FD42570174E00CA41D2 /* AppDelegate.m in Sources */ = {isa = PBXBuildFile; fileRef = 327E2FD32570174E00CA41D2 /* AppDelegate.m */; };
		327E2FDF2570174F00CA41D2 /* Assets.xcassets in Resources */ = {isa = PBXBuildFile; fileRef = 327E2FDE2570174F00CA41D2 /* Assets.xcassets */; };
		327E2FE22570174F00CA41D2 /* LaunchScreen.storyboard in Resources */ = {isa = PBXBuildFile; fileRef = 327E2FE02570174F00CA41D2 /* LaunchScreen.storyboard */; };
		327E300F25701A9700CA41D2 /* HomePresenterImpl.m in Sources */ = {isa = PBXBuildFile; fileRef = 327E300E25701A9700CA41D2 /* HomePresenterImpl.m */; };
		327E30142570202700CA41D2 /* HomeRouterImpl.m in Sources */ = {isa = PBXBuildFile; fileRef = 327E30132570202700CA41D2 /* HomeRouterImpl.m */; };
		327E301D2570243B00CA41D2 /* HomeInteractorImpl.m in Sources */ = {isa = PBXBuildFile; fileRef = 327E301C2570243B00CA41D2 /* HomeInteractorImpl.m */; };
		327E302525702D3300CA41D2 /* HomeViewController.swift in Sources */ = {isa = PBXBuildFile; fileRef = 327E302325702D3300CA41D2 /* HomeViewController.swift */; };
		327E302625702D3300CA41D2 /* HomeViewController.xib in Resources */ = {isa = PBXBuildFile; fileRef = 327E302425702D3300CA41D2 /* HomeViewController.xib */; };
		327E302A2570310300CA41D2 /* main.m in Sources */ = {isa = PBXBuildFile; fileRef = 327E30292570310300CA41D2 /* main.m */; };
		327E3033257035CC00CA41D2 /* UITableView + Extensions.swift in Sources */ = {isa = PBXBuildFile; fileRef = 327E3032257035CC00CA41D2 /* UITableView + Extensions.swift */; };
		327E303A257036F100CA41D2 /* HomeTableViewCell.swift in Sources */ = {isa = PBXBuildFile; fileRef = 327E3038257036F100CA41D2 /* HomeTableViewCell.swift */; };
		327E303B257036F100CA41D2 /* HomeTableViewCell.xib in Resources */ = {isa = PBXBuildFile; fileRef = 327E3039257036F100CA41D2 /* HomeTableViewCell.xib */; };
		327E30402570515400CA41D2 /* NetworkClient.m in Sources */ = {isa = PBXBuildFile; fileRef = 327E303F2570515400CA41D2 /* NetworkClient.m */; };
		327E304D25705F6A00CA41D2 /* RepoModel.m in Sources */ = {isa = PBXBuildFile; fileRef = 327E304C25705F6A00CA41D2 /* RepoModel.m */; };
		327E30502570641D00CA41D2 /* UIViewControllerExtension.swift in Sources */ = {isa = PBXBuildFile; fileRef = 327E304F2570641D00CA41D2 /* UIViewControllerExtension.swift */; };
		327E3056257069EB00CA41D2 /* UIView+Extentions.swift in Sources */ = {isa = PBXBuildFile; fileRef = 327E3055257069EB00CA41D2 /* UIView+Extentions.swift */; };
		327E30602571573E00CA41D2 /* RepoDetailsViewController.swift in Sources */ = {isa = PBXBuildFile; fileRef = 327E305E2571573E00CA41D2 /* RepoDetailsViewController.swift */; };
		327E30612571573E00CA41D2 /* RepoDetailsViewController.xib in Resources */ = {isa = PBXBuildFile; fileRef = 327E305F2571573E00CA41D2 /* RepoDetailsViewController.xib */; };
		327E306D2571582A00CA41D2 /* RepoDetailsPresenterImpl.m in Sources */ = {isa = PBXBuildFile; fileRef = 327E306C2571582A00CA41D2 /* RepoDetailsPresenterImpl.m */; };
		327E3076257159C800CA41D2 /* RepoDetailsRouterImpl.m in Sources */ = {isa = PBXBuildFile; fileRef = 327E3075257159C800CA41D2 /* RepoDetailsRouterImpl.m */; };
		327E307C25715A9C00CA41D2 /* RepoDetailsInteractorImpl.m in Sources */ = {isa = PBXBuildFile; fileRef = 327E307B25715A9C00CA41D2 /* RepoDetailsInteractorImpl.m */; };
		32BA43672571A134006FAF07 /* ContributorsViewController.swift in Sources */ = {isa = PBXBuildFile; fileRef = 32BA43652571A134006FAF07 /* ContributorsViewController.swift */; };
		32BA43682571A134006FAF07 /* ContributorsViewController.xib in Resources */ = {isa = PBXBuildFile; fileRef = 32BA43662571A134006FAF07 /* ContributorsViewController.xib */; };
		32BA436E2571A186006FAF07 /* ContributorsPresenterImpl.m in Sources */ = {isa = PBXBuildFile; fileRef = 32BA436D2571A186006FAF07 /* ContributorsPresenterImpl.m */; };
		32BA43752571A238006FAF07 /* ContributorsInteractorImpl.m in Sources */ = {isa = PBXBuildFile; fileRef = 32BA43742571A238006FAF07 /* ContributorsInteractorImpl.m */; };
		32BA437B2571A2E3006FAF07 /* ContributorsRouterImpl.m in Sources */ = {isa = PBXBuildFile; fileRef = 32BA437A2571A2E3006FAF07 /* ContributorsRouterImpl.m */; };
		32BA43892571A974006FAF07 /* ContributorsModel.m in Sources */ = {isa = PBXBuildFile; fileRef = 32BA43882571A974006FAF07 /* ContributorsModel.m */; };
		32C9ADE0257277A200EEB744 /* RobustaTask.xcdatamodeld in Sources */ = {isa = PBXBuildFile; fileRef = 32C9ADDE257277A200EEB744 /* RobustaTask.xcdatamodeld */; };
		8EA8D0EF81A2872C20A75476 /* Pods_RobustaTask.framework in Frameworks */ = {isa = PBXBuildFile; fileRef = E3C2B624C22F2C44CB0E1ABA /* Pods_RobustaTask.framework */; };
/* End PBXBuildFile section */

/* Begin PBXFileReference section */
		27175006A99153B5FB24F334 /* Pods-RobustaTask.release.xcconfig */ = {isa = PBXFileReference; includeInIndex = 1; lastKnownFileType = text.xcconfig; name = "Pods-RobustaTask.release.xcconfig"; path = "Target Support Files/Pods-RobustaTask/Pods-RobustaTask.release.xcconfig"; sourceTree = "<group>"; };
		323E09E52571B0D60039A07C /* ContributorsTableViewCell.swift */ = {isa = PBXFileReference; lastKnownFileType = sourcecode.swift; path = ContributorsTableViewCell.swift; sourceTree = "<group>"; };
		323E09E62571B0D60039A07C /* ContributorsTableViewCell.xib */ = {isa = PBXFileReference; lastKnownFileType = file.xib; path = ContributorsTableViewCell.xib; sourceTree = "<group>"; };
		3276F39625718092005D2C07 /* ChartColorTemplates.swift */ = {isa = PBXFileReference; fileEncoding = 4; lastKnownFileType = sourcecode.swift; path = ChartColorTemplates.swift; sourceTree = "<group>"; };
		327E2FCF2570174E00CA41D2 /* RobustaTask.app */ = {isa = PBXFileReference; explicitFileType = wrapper.application; includeInIndex = 0; path = RobustaTask.app; sourceTree = BUILT_PRODUCTS_DIR; };
		327E2FD22570174E00CA41D2 /* AppDelegate.h */ = {isa = PBXFileReference; lastKnownFileType = sourcecode.c.h; path = AppDelegate.h; sourceTree = "<group>"; };
		327E2FD32570174E00CA41D2 /* AppDelegate.m */ = {isa = PBXFileReference; lastKnownFileType = sourcecode.c.objc; path = AppDelegate.m; sourceTree = "<group>"; };
		327E2FDE2570174F00CA41D2 /* Assets.xcassets */ = {isa = PBXFileReference; lastKnownFileType = folder.assetcatalog; path = Assets.xcassets; sourceTree = "<group>"; };
		327E2FE12570174F00CA41D2 /* Base */ = {isa = PBXFileReference; lastKnownFileType = file.storyboard; name = Base; path = Base.lproj/LaunchScreen.storyboard; sourceTree = "<group>"; };
		327E2FE32570174F00CA41D2 /* Info.plist */ = {isa = PBXFileReference; lastKnownFileType = text.plist.xml; path = Info.plist; sourceTree = "<group>"; };
		327E2FF7257017C200CA41D2 /* HomePresenter.h */ = {isa = PBXFileReference; lastKnownFileType = sourcecode.c.h; path = HomePresenter.h; sourceTree = "<group>"; };
		327E2FF8257017DE00CA41D2 /* HomeView.h */ = {isa = PBXFileReference; lastKnownFileType = sourcecode.c.h; path = HomeView.h; sourceTree = "<group>"; };
		327E2FFC2570188D00CA41D2 /* HomeInteractor.h */ = {isa = PBXFileReference; lastKnownFileType = sourcecode.c.h; path = HomeInteractor.h; sourceTree = "<group>"; };
		327E2FFE257018CD00CA41D2 /* HomeRouter.h */ = {isa = PBXFileReference; lastKnownFileType = sourcecode.c.h; path = HomeRouter.h; sourceTree = "<group>"; };
		327E300925701A0900CA41D2 /* RobustaTask-Bridging-Header.h */ = {isa = PBXFileReference; lastKnownFileType = sourcecode.c.h; path = "RobustaTask-Bridging-Header.h"; sourceTree = "<group>"; };
		327E300C25701A6500CA41D2 /* HomePresenterImpl.h */ = {isa = PBXFileReference; lastKnownFileType = sourcecode.c.h; path = HomePresenterImpl.h; sourceTree = "<group>"; };
		327E300E25701A9700CA41D2 /* HomePresenterImpl.m */ = {isa = PBXFileReference; lastKnownFileType = sourcecode.c.objc; path = HomePresenterImpl.m; sourceTree = "<group>"; };
		327E301125701FF900CA41D2 /* HomeRouterImpl.h */ = {isa = PBXFileReference; lastKnownFileType = sourcecode.c.h; path = HomeRouterImpl.h; sourceTree = "<group>"; };
		327E30132570202700CA41D2 /* HomeRouterImpl.m */ = {isa = PBXFileReference; lastKnownFileType = sourcecode.c.objc; path = HomeRouterImpl.m; sourceTree = "<group>"; };
		327E301B2570240D00CA41D2 /* HomeInteractorImpl.h */ = {isa = PBXFileReference; lastKnownFileType = sourcecode.c.h; path = HomeInteractorImpl.h; sourceTree = "<group>"; };
		327E301C2570243B00CA41D2 /* HomeInteractorImpl.m */ = {isa = PBXFileReference; lastKnownFileType = sourcecode.c.objc; path = HomeInteractorImpl.m; sourceTree = "<group>"; };
		327E302325702D3300CA41D2 /* HomeViewController.swift */ = {isa = PBXFileReference; lastKnownFileType = sourcecode.swift; path = HomeViewController.swift; sourceTree = "<group>"; };
		327E302425702D3300CA41D2 /* HomeViewController.xib */ = {isa = PBXFileReference; lastKnownFileType = file.xib; path = HomeViewController.xib; sourceTree = "<group>"; };
		327E30292570310300CA41D2 /* main.m */ = {isa = PBXFileReference; fileEncoding = 4; lastKnownFileType = sourcecode.c.objc; path = main.m; sourceTree = "<group>"; };
		327E3032257035CC00CA41D2 /* UITableView + Extensions.swift */ = {isa = PBXFileReference; fileEncoding = 4; lastKnownFileType = sourcecode.swift; path = "UITableView + Extensions.swift"; sourceTree = "<group>"; };
		327E3038257036F100CA41D2 /* HomeTableViewCell.swift */ = {isa = PBXFileReference; lastKnownFileType = sourcecode.swift; path = HomeTableViewCell.swift; sourceTree = "<group>"; };
		327E3039257036F100CA41D2 /* HomeTableViewCell.xib */ = {isa = PBXFileReference; lastKnownFileType = file.xib; path = HomeTableViewCell.xib; sourceTree = "<group>"; };
		327E303E2570514800CA41D2 /* NetworkClient.h */ = {isa = PBXFileReference; lastKnownFileType = sourcecode.c.h; path = NetworkClient.h; sourceTree = "<group>"; };
		327E303F2570515400CA41D2 /* NetworkClient.m */ = {isa = PBXFileReference; lastKnownFileType = sourcecode.c.objc; path = NetworkClient.m; sourceTree = "<group>"; };
		327E30482570598E00CA41D2 /* RepoModel.h */ = {isa = PBXFileReference; lastKnownFileType = sourcecode.c.h; path = RepoModel.h; sourceTree = "<group>"; };
		327E304C25705F6A00CA41D2 /* RepoModel.m */ = {isa = PBXFileReference; lastKnownFileType = sourcecode.c.objc; path = RepoModel.m; sourceTree = "<group>"; };
		327E304F2570641D00CA41D2 /* UIViewControllerExtension.swift */ = {isa = PBXFileReference; fileEncoding = 4; lastKnownFileType = sourcecode.swift; path = UIViewControllerExtension.swift; sourceTree = "<group>"; };
		327E3055257069EB00CA41D2 /* UIView+Extentions.swift */ = {isa = PBXFileReference; fileEncoding = 4; lastKnownFileType = sourcecode.swift; path = "UIView+Extentions.swift"; sourceTree = "<group>"; };
		327E305E2571573E00CA41D2 /* RepoDetailsViewController.swift */ = {isa = PBXFileReference; lastKnownFileType = sourcecode.swift; path = RepoDetailsViewController.swift; sourceTree = "<group>"; };
		327E305F2571573E00CA41D2 /* RepoDetailsViewController.xib */ = {isa = PBXFileReference; lastKnownFileType = file.xib; path = RepoDetailsViewController.xib; sourceTree = "<group>"; };
		327E30692571578C00CA41D2 /* RepoDetailsPresenter.h */ = {isa = PBXFileReference; lastKnownFileType = sourcecode.c.h; path = RepoDetailsPresenter.h; sourceTree = "<group>"; };
		327E306A257157B100CA41D2 /* RepoDetailsPresenterImpl.h */ = {isa = PBXFileReference; lastKnownFileType = sourcecode.c.h; path = RepoDetailsPresenterImpl.h; sourceTree = "<group>"; };
		327E306C2571582A00CA41D2 /* RepoDetailsPresenterImpl.m */ = {isa = PBXFileReference; lastKnownFileType = sourcecode.c.objc; path = RepoDetailsPresenterImpl.m; sourceTree = "<group>"; };
		327E306F257158BE00CA41D2 /* RepoDetailsView.h */ = {isa = PBXFileReference; lastKnownFileType = sourcecode.c.h; path = RepoDetailsView.h; sourceTree = "<group>"; };
		327E30712571594D00CA41D2 /* RepoDetailsRouter.h */ = {isa = PBXFileReference; lastKnownFileType = sourcecode.c.h; path = RepoDetailsRouter.h; sourceTree = "<group>"; };
		327E30732571598F00CA41D2 /* RepoDetailsRouterImpl.h */ = {isa = PBXFileReference; lastKnownFileType = sourcecode.c.h; path = RepoDetailsRouterImpl.h; sourceTree = "<group>"; };
		327E3075257159C800CA41D2 /* RepoDetailsRouterImpl.m */ = {isa = PBXFileReference; lastKnownFileType = sourcecode.c.objc; path = RepoDetailsRouterImpl.m; sourceTree = "<group>"; };
		327E307825715A3400CA41D2 /* RepoDetailsInteractor.h */ = {isa = PBXFileReference; lastKnownFileType = sourcecode.c.h; path = RepoDetailsInteractor.h; sourceTree = "<group>"; };
		327E307925715A5500CA41D2 /* RepoDetailsInteractorImpl.h */ = {isa = PBXFileReference; lastKnownFileType = sourcecode.c.h; path = RepoDetailsInteractorImpl.h; sourceTree = "<group>"; };
		327E307B25715A9C00CA41D2 /* RepoDetailsInteractorImpl.m */ = {isa = PBXFileReference; lastKnownFileType = sourcecode.c.objc; path = RepoDetailsInteractorImpl.m; sourceTree = "<group>"; };
		32BA43652571A134006FAF07 /* ContributorsViewController.swift */ = {isa = PBXFileReference; lastKnownFileType = sourcecode.swift; path = ContributorsViewController.swift; sourceTree = "<group>"; };
		32BA43662571A134006FAF07 /* ContributorsViewController.xib */ = {isa = PBXFileReference; lastKnownFileType = file.xib; path = ContributorsViewController.xib; sourceTree = "<group>"; };
		32BA436B2571A15A006FAF07 /* ContributorsPresenter.h */ = {isa = PBXFileReference; lastKnownFileType = sourcecode.c.h; path = ContributorsPresenter.h; sourceTree = "<group>"; };
		32BA436C2571A17B006FAF07 /* ContributorsPresenterImpl.h */ = {isa = PBXFileReference; lastKnownFileType = sourcecode.c.h; path = ContributorsPresenterImpl.h; sourceTree = "<group>"; };
		32BA436D2571A186006FAF07 /* ContributorsPresenterImpl.m */ = {isa = PBXFileReference; lastKnownFileType = sourcecode.c.objc; path = ContributorsPresenterImpl.m; sourceTree = "<group>"; };
		32BA43722571A1E2006FAF07 /* ContributorsInteractor.h */ = {isa = PBXFileReference; lastKnownFileType = sourcecode.c.h; path = ContributorsInteractor.h; sourceTree = "<group>"; };
		32BA43732571A20F006FAF07 /* ContributorsInteractorImpl.h */ = {isa = PBXFileReference; lastKnownFileType = sourcecode.c.h; path = ContributorsInteractorImpl.h; sourceTree = "<group>"; };
		32BA43742571A238006FAF07 /* ContributorsInteractorImpl.m */ = {isa = PBXFileReference; lastKnownFileType = sourcecode.c.objc; path = ContributorsInteractorImpl.m; sourceTree = "<group>"; };
		32BA43782571A2A2006FAF07 /* ContributorsRouter.h */ = {isa = PBXFileReference; lastKnownFileType = sourcecode.c.h; path = ContributorsRouter.h; sourceTree = "<group>"; };
		32BA43792571A2B5006FAF07 /* ContributorsRouterImpl.h */ = {isa = PBXFileReference; lastKnownFileType = sourcecode.c.h; path = ContributorsRouterImpl.h; sourceTree = "<group>"; };
		32BA437A2571A2E3006FAF07 /* ContributorsRouterImpl.m */ = {isa = PBXFileReference; lastKnownFileType = sourcecode.c.objc; path = ContributorsRouterImpl.m; sourceTree = "<group>"; };
		32BA43842571A5F9006FAF07 /* ContributorsView.h */ = {isa = PBXFileReference; lastKnownFileType = sourcecode.c.h; path = ContributorsView.h; sourceTree = "<group>"; };
		32BA43872571A942006FAF07 /* ContributorsModel.h */ = {isa = PBXFileReference; lastKnownFileType = sourcecode.c.h; path = ContributorsModel.h; sourceTree = "<group>"; };
		32BA43882571A974006FAF07 /* ContributorsModel.m */ = {isa = PBXFileReference; lastKnownFileType = sourcecode.c.objc; path = ContributorsModel.m; sourceTree = "<group>"; };
		32C9ADDF257277A200EEB744 /* Repo.xcdatamodel */ = {isa = PBXFileReference; lastKnownFileType = wrapper.xcdatamodel; path = Repo.xcdatamodel; sourceTree = "<group>"; };
		85172ED588BF9050E6D00F79 /* Pods-RobustaTask.debug.xcconfig */ = {isa = PBXFileReference; includeInIndex = 1; lastKnownFileType = text.xcconfig; name = "Pods-RobustaTask.debug.xcconfig"; path = "Target Support Files/Pods-RobustaTask/Pods-RobustaTask.debug.xcconfig"; sourceTree = "<group>"; };
		E3C2B624C22F2C44CB0E1ABA /* Pods_RobustaTask.framework */ = {isa = PBXFileReference; explicitFileType = wrapper.framework; includeInIndex = 0; path = Pods_RobustaTask.framework; sourceTree = BUILT_PRODUCTS_DIR; };
/* End PBXFileReference section */

/* Begin PBXFrameworksBuildPhase section */
		327E2FCC2570174E00CA41D2 /* Frameworks */ = {
			isa = PBXFrameworksBuildPhase;
			buildActionMask = 2147483647;
			files = (
				8EA8D0EF81A2872C20A75476 /* Pods_RobustaTask.framework in Frameworks */,
			);
			runOnlyForDeploymentPostprocessing = 0;
		};
/* End PBXFrameworksBuildPhase section */

/* Begin PBXGroup section */
		3276F3952571807B005D2C07 /* Utils */ = {
			isa = PBXGroup;
			children = (
				3276F39625718092005D2C07 /* ChartColorTemplates.swift */,
			);
			path = Utils;
			sourceTree = "<group>";
		};
		327E2FC62570174E00CA41D2 = {
			isa = PBXGroup;
			children = (
				327E2FD12570174E00CA41D2 /* RobustaTask */,
				327E2FD02570174E00CA41D2 /* Products */,
				4E670526A240CB719F7A839E /* Pods */,
				BD28445F4CCA621FA4611CA6 /* Frameworks */,
			);
			sourceTree = "<group>";
		};
		327E2FD02570174E00CA41D2 /* Products */ = {
			isa = PBXGroup;
			children = (
				327E2FCF2570174E00CA41D2 /* RobustaTask.app */,
			);
			name = Products;
			sourceTree = "<group>";
		};
		327E2FD12570174E00CA41D2 /* RobustaTask */ = {
			isa = PBXGroup;
			children = (
				32BA43622571A07E006FAF07 /* Scenes */,
				3276F3952571807B005D2C07 /* Utils */,
				327E303D2570512E00CA41D2 /* Network */,
				327E3031257035A500CA41D2 /* Helpers */,
				327E2FD22570174E00CA41D2 /* AppDelegate.h */,
				327E2FD32570174E00CA41D2 /* AppDelegate.m */,
				327E2FDE2570174F00CA41D2 /* Assets.xcassets */,
				327E2FE02570174F00CA41D2 /* LaunchScreen.storyboard */,
				327E2FE32570174F00CA41D2 /* Info.plist */,
				327E300925701A0900CA41D2 /* RobustaTask-Bridging-Header.h */,
				327E30292570310300CA41D2 /* main.m */,
				32C9ADDE257277A200EEB744 /* RobustaTask.xcdatamodeld */,
			);
			path = RobustaTask;
			sourceTree = "<group>";
		};
		327E2FF02570178D00CA41D2 /* HomeScene */ = {
			isa = PBXGroup;
			children = (
				327E30462570597400CA41D2 /* Model */,
				327E2FFD257018C300CA41D2 /* Router */,
				327E2FFB2570186600CA41D2 /* Interactor */,
				327E2FF92570180A00CA41D2 /* ViewController */,
				327E2FF6257017AD00CA41D2 /* Presenter */,
				327E2FF5257017A700CA41D2 /* View */,
			);
			path = HomeScene;
			sourceTree = "<group>";
		};
		327E2FF5257017A700CA41D2 /* View */ = {
			isa = PBXGroup;
			children = (
				327E2FF8257017DE00CA41D2 /* HomeView.h */,
			);
			path = View;
			sourceTree = "<group>";
		};
		327E2FF6257017AD00CA41D2 /* Presenter */ = {
			isa = PBXGroup;
			children = (
				327E2FF7257017C200CA41D2 /* HomePresenter.h */,
				327E300C25701A6500CA41D2 /* HomePresenterImpl.h */,
				327E300E25701A9700CA41D2 /* HomePresenterImpl.m */,
			);
			path = Presenter;
			sourceTree = "<group>";
		};
		327E2FF92570180A00CA41D2 /* ViewController */ = {
			isa = PBXGroup;
			children = (
				327E302325702D3300CA41D2 /* HomeViewController.swift */,
				327E302425702D3300CA41D2 /* HomeViewController.xib */,
				327E3038257036F100CA41D2 /* HomeTableViewCell.swift */,
				327E3039257036F100CA41D2 /* HomeTableViewCell.xib */,
			);
			path = ViewController;
			sourceTree = "<group>";
		};
		327E2FFB2570186600CA41D2 /* Interactor */ = {
			isa = PBXGroup;
			children = (
				327E2FFC2570188D00CA41D2 /* HomeInteractor.h */,
				327E301B2570240D00CA41D2 /* HomeInteractorImpl.h */,
				327E301C2570243B00CA41D2 /* HomeInteractorImpl.m */,
			);
			path = Interactor;
			sourceTree = "<group>";
		};
		327E2FFD257018C300CA41D2 /* Router */ = {
			isa = PBXGroup;
			children = (
				327E2FFE257018CD00CA41D2 /* HomeRouter.h */,
				327E301125701FF900CA41D2 /* HomeRouterImpl.h */,
				327E30132570202700CA41D2 /* HomeRouterImpl.m */,
			);
			path = Router;
			sourceTree = "<group>";
		};
		327E3031257035A500CA41D2 /* Helpers */ = {
			isa = PBXGroup;
			children = (
				327E3055257069EB00CA41D2 /* UIView+Extentions.swift */,
				327E304F2570641D00CA41D2 /* UIViewControllerExtension.swift */,
				327E3032257035CC00CA41D2 /* UITableView + Extensions.swift */,
			);
			path = Helpers;
			sourceTree = "<group>";
		};
		327E303D2570512E00CA41D2 /* Network */ = {
			isa = PBXGroup;
			children = (
				327E303E2570514800CA41D2 /* NetworkClient.h */,
				327E303F2570515400CA41D2 /* NetworkClient.m */,
			);
			path = Network;
			sourceTree = "<group>";
		};
		327E30462570597400CA41D2 /* Model */ = {
			isa = PBXGroup;
			children = (
				327E30482570598E00CA41D2 /* RepoModel.h */,
				327E304C25705F6A00CA41D2 /* RepoModel.m */,
			);
			path = Model;
			sourceTree = "<group>";
		};
		327E305C2571570C00CA41D2 /* RepoDetailsScene */ = {
			isa = PBXGroup;
			children = (
				327E30672571575500CA41D2 /* Interactor */,
				327E30662571574F00CA41D2 /* Router */,
				327E30652571574B00CA41D2 /* View */,
				327E30642571574400CA41D2 /* Presenter */,
				327E305D2571572400CA41D2 /* ViewController */,
			);
			path = RepoDetailsScene;
			sourceTree = "<group>";
		};
		327E305D2571572400CA41D2 /* ViewController */ = {
			isa = PBXGroup;
			children = (
				327E305E2571573E00CA41D2 /* RepoDetailsViewController.swift */,
				327E305F2571573E00CA41D2 /* RepoDetailsViewController.xib */,
			);
			path = ViewController;
			sourceTree = "<group>";
		};
		327E30642571574400CA41D2 /* Presenter */ = {
			isa = PBXGroup;
			children = (
				327E30692571578C00CA41D2 /* RepoDetailsPresenter.h */,
				327E306A257157B100CA41D2 /* RepoDetailsPresenterImpl.h */,
				327E306C2571582A00CA41D2 /* RepoDetailsPresenterImpl.m */,
			);
			path = Presenter;
			sourceTree = "<group>";
		};
		327E30652571574B00CA41D2 /* View */ = {
			isa = PBXGroup;
			children = (
				327E306F257158BE00CA41D2 /* RepoDetailsView.h */,
			);
			path = View;
			sourceTree = "<group>";
		};
		327E30662571574F00CA41D2 /* Router */ = {
			isa = PBXGroup;
			children = (
				327E30712571594D00CA41D2 /* RepoDetailsRouter.h */,
				327E30732571598F00CA41D2 /* RepoDetailsRouterImpl.h */,
				327E3075257159C800CA41D2 /* RepoDetailsRouterImpl.m */,
			);
			path = Router;
			sourceTree = "<group>";
		};
		327E30672571575500CA41D2 /* Interactor */ = {
			isa = PBXGroup;
			children = (
				327E307825715A3400CA41D2 /* RepoDetailsInteractor.h */,
				327E307925715A5500CA41D2 /* RepoDetailsInteractorImpl.h */,
				327E307B25715A9C00CA41D2 /* RepoDetailsInteractorImpl.m */,
			);
			path = Interactor;
			sourceTree = "<group>";
		};
		32BA43622571A07E006FAF07 /* Scenes */ = {
			isa = PBXGroup;
			children = (
				327E2FF02570178D00CA41D2 /* HomeScene */,
				327E305C2571570C00CA41D2 /* RepoDetailsScene */,
				32BA43632571A08E006FAF07 /* ContributorsScene */,
			);
			path = Scenes;
			sourceTree = "<group>";
		};
		32BA43632571A08E006FAF07 /* ContributorsScene */ = {
			isa = PBXGroup;
			children = (
				32BA43862571A925006FAF07 /* Model */,
				32BA43832571A5E5006FAF07 /* View */,
				32BA43772571A287006FAF07 /* Router */,
				32BA43712571A1C3006FAF07 /* Interactor */,
				32BA436A2571A144006FAF07 /* Presenter */,
				32BA43642571A122006FAF07 /* ViewController */,
			);
			path = ContributorsScene;
			sourceTree = "<group>";
		};
		32BA43642571A122006FAF07 /* ViewController */ = {
			isa = PBXGroup;
			children = (
				32BA43652571A134006FAF07 /* ContributorsViewController.swift */,
				32BA43662571A134006FAF07 /* ContributorsViewController.xib */,
				323E09E52571B0D60039A07C /* ContributorsTableViewCell.swift */,
				323E09E62571B0D60039A07C /* ContributorsTableViewCell.xib */,
			);
			path = ViewController;
			sourceTree = "<group>";
		};
		32BA436A2571A144006FAF07 /* Presenter */ = {
			isa = PBXGroup;
			children = (
				32BA436B2571A15A006FAF07 /* ContributorsPresenter.h */,
				32BA436C2571A17B006FAF07 /* ContributorsPresenterImpl.h */,
				32BA436D2571A186006FAF07 /* ContributorsPresenterImpl.m */,
			);
			path = Presenter;
			sourceTree = "<group>";
		};
		32BA43712571A1C3006FAF07 /* Interactor */ = {
			isa = PBXGroup;
			children = (
				32BA43722571A1E2006FAF07 /* ContributorsInteractor.h */,
				32BA43732571A20F006FAF07 /* ContributorsInteractorImpl.h */,
				32BA43742571A238006FAF07 /* ContributorsInteractorImpl.m */,
			);
			path = Interactor;
			sourceTree = "<group>";
		};
		32BA43772571A287006FAF07 /* Router */ = {
			isa = PBXGroup;
			children = (
				32BA43782571A2A2006FAF07 /* ContributorsRouter.h */,
				32BA43792571A2B5006FAF07 /* ContributorsRouterImpl.h */,
				32BA437A2571A2E3006FAF07 /* ContributorsRouterImpl.m */,
			);
			path = Router;
			sourceTree = "<group>";
		};
		32BA43832571A5E5006FAF07 /* View */ = {
			isa = PBXGroup;
			children = (
				32BA43842571A5F9006FAF07 /* ContributorsView.h */,
			);
			path = View;
			sourceTree = "<group>";
		};
		32BA43862571A925006FAF07 /* Model */ = {
			isa = PBXGroup;
			children = (
				32BA43872571A942006FAF07 /* ContributorsModel.h */,
				32BA43882571A974006FAF07 /* ContributorsModel.m */,
			);
			path = Model;
			sourceTree = "<group>";
		};
		4E670526A240CB719F7A839E /* Pods */ = {
			isa = PBXGroup;
			children = (
				85172ED588BF9050E6D00F79 /* Pods-RobustaTask.debug.xcconfig */,
				27175006A99153B5FB24F334 /* Pods-RobustaTask.release.xcconfig */,
			);
			path = Pods;
			sourceTree = "<group>";
		};
		BD28445F4CCA621FA4611CA6 /* Frameworks */ = {
			isa = PBXGroup;
			children = (
				E3C2B624C22F2C44CB0E1ABA /* Pods_RobustaTask.framework */,
			);
			name = Frameworks;
			sourceTree = "<group>";
		};
/* End PBXGroup section */

/* Begin PBXNativeTarget section */
		327E2FCE2570174E00CA41D2 /* RobustaTask */ = {
			isa = PBXNativeTarget;
			buildConfigurationList = 327E2FE82570174F00CA41D2 /* Build configuration list for PBXNativeTarget "RobustaTask" */;
			buildPhases = (
				B951424069C0B71F97F0B4CB /* [CP] Check Pods Manifest.lock */,
				327E2FCB2570174E00CA41D2 /* Sources */,
				327E2FCC2570174E00CA41D2 /* Frameworks */,
				327E2FCD2570174E00CA41D2 /* Resources */,
				818064D0F9C7756CC394B17A /* [CP] Embed Pods Frameworks */,
			);
			buildRules = (
			);
			dependencies = (
			);
			name = RobustaTask;
			productName = RobustaTask;
			productReference = 327E2FCF2570174E00CA41D2 /* RobustaTask.app */;
			productType = "com.apple.product-type.application";
		};
/* End PBXNativeTarget section */

/* Begin PBXProject section */
		327E2FC72570174E00CA41D2 /* Project object */ = {
			isa = PBXProject;
			attributes = {
				LastUpgradeCheck = 1220;
				TargetAttributes = {
					327E2FCE2570174E00CA41D2 = {
						CreatedOnToolsVersion = 12.2;
						LastSwiftMigration = 1220;
					};
				};
			};
			buildConfigurationList = 327E2FCA2570174E00CA41D2 /* Build configuration list for PBXProject "RobustaTask" */;
			compatibilityVersion = "Xcode 9.3";
			developmentRegion = en;
			hasScannedForEncodings = 0;
			knownRegions = (
				en,
				Base,
			);
			mainGroup = 327E2FC62570174E00CA41D2;
			productRefGroup = 327E2FD02570174E00CA41D2 /* Products */;
			projectDirPath = "";
			projectRoot = "";
			targets = (
				327E2FCE2570174E00CA41D2 /* RobustaTask */,
			);
		};
/* End PBXProject section */

/* Begin PBXResourcesBuildPhase section */
		327E2FCD2570174E00CA41D2 /* Resources */ = {
			isa = PBXResourcesBuildPhase;
			buildActionMask = 2147483647;
			files = (
				327E2FE22570174F00CA41D2 /* LaunchScreen.storyboard in Resources */,
				327E2FDF2570174F00CA41D2 /* Assets.xcassets in Resources */,
				32BA43682571A134006FAF07 /* ContributorsViewController.xib in Resources */,
				327E30612571573E00CA41D2 /* RepoDetailsViewController.xib in Resources */,
				323E09E82571B0D60039A07C /* ContributorsTableViewCell.xib in Resources */,
				327E303B257036F100CA41D2 /* HomeTableViewCell.xib in Resources */,
				327E302625702D3300CA41D2 /* HomeViewController.xib in Resources */,
			);
			runOnlyForDeploymentPostprocessing = 0;
		};
/* End PBXResourcesBuildPhase section */

/* Begin PBXShellScriptBuildPhase section */
		818064D0F9C7756CC394B17A /* [CP] Embed Pods Frameworks */ = {
			isa = PBXShellScriptBuildPhase;
			buildActionMask = 2147483647;
			files = (
			);
			inputFileListPaths = (
				"${PODS_ROOT}/Target Support Files/Pods-RobustaTask/Pods-RobustaTask-frameworks-${CONFIGURATION}-input-files.xcfilelist",
			);
			name = "[CP] Embed Pods Frameworks";
			outputFileListPaths = (
				"${PODS_ROOT}/Target Support Files/Pods-RobustaTask/Pods-RobustaTask-frameworks-${CONFIGURATION}-output-files.xcfilelist",
			);
			runOnlyForDeploymentPostprocessing = 0;
			shellPath = /bin/sh;
			shellScript = "\"${PODS_ROOT}/Target Support Files/Pods-RobustaTask/Pods-RobustaTask-frameworks.sh\"\n";
			showEnvVarsInLog = 0;
		};
		B951424069C0B71F97F0B4CB /* [CP] Check Pods Manifest.lock */ = {
			isa = PBXShellScriptBuildPhase;
			buildActionMask = 2147483647;
			files = (
			);
			inputFileListPaths = (
			);
			inputPaths = (
				"${PODS_PODFILE_DIR_PATH}/Podfile.lock",
				"${PODS_ROOT}/Manifest.lock",
			);
			name = "[CP] Check Pods Manifest.lock";
			outputFileListPaths = (
			);
			outputPaths = (
				"$(DERIVED_FILE_DIR)/Pods-RobustaTask-checkManifestLockResult.txt",
			);
			runOnlyForDeploymentPostprocessing = 0;
			shellPath = /bin/sh;
			shellScript = "diff \"${PODS_PODFILE_DIR_PATH}/Podfile.lock\" \"${PODS_ROOT}/Manifest.lock\" > /dev/null\nif [ $? != 0 ] ; then\n    # print error to STDERR\n    echo \"error: The sandbox is not in sync with the Podfile.lock. Run 'pod install' or update your CocoaPods installation.\" >&2\n    exit 1\nfi\n# This output is used by Xcode 'outputs' to avoid re-running this script phase.\necho \"SUCCESS\" > \"${SCRIPT_OUTPUT_FILE_0}\"\n";
			showEnvVarsInLog = 0;
		};
/* End PBXShellScriptBuildPhase section */

/* Begin PBXSourcesBuildPhase section */
		327E2FCB2570174E00CA41D2 /* Sources */ = {
			isa = PBXSourcesBuildPhase;
			buildActionMask = 2147483647;
			files = (
				327E2FD42570174E00CA41D2 /* AppDelegate.m in Sources */,
				327E301D2570243B00CA41D2 /* HomeInteractorImpl.m in Sources */,
				327E300F25701A9700CA41D2 /* HomePresenterImpl.m in Sources */,
				32BA437B2571A2E3006FAF07 /* ContributorsRouterImpl.m in Sources */,
				327E3056257069EB00CA41D2 /* UIView+Extentions.swift in Sources */,
				32BA43892571A974006FAF07 /* ContributorsModel.m in Sources */,
				32BA436E2571A186006FAF07 /* ContributorsPresenterImpl.m in Sources */,
				32C9ADE0257277A200EEB744 /* RobustaTask.xcdatamodeld in Sources */,
				327E30402570515400CA41D2 /* NetworkClient.m in Sources */,
				327E30142570202700CA41D2 /* HomeRouterImpl.m in Sources */,
				327E302A2570310300CA41D2 /* main.m in Sources */,
				327E3033257035CC00CA41D2 /* UITableView + Extensions.swift in Sources */,
				327E30602571573E00CA41D2 /* RepoDetailsViewController.swift in Sources */,
				327E303A257036F100CA41D2 /* HomeTableViewCell.swift in Sources */,
				327E302525702D3300CA41D2 /* HomeViewController.swift in Sources */,
				327E30502570641D00CA41D2 /* UIViewControllerExtension.swift in Sources */,
				327E304D25705F6A00CA41D2 /* RepoModel.m in Sources */,
				32BA43752571A238006FAF07 /* ContributorsInteractorImpl.m in Sources */,
				327E306D2571582A00CA41D2 /* RepoDetailsPresenterImpl.m in Sources */,
				327E3076257159C800CA41D2 /* RepoDetailsRouterImpl.m in Sources */,
				327E307C25715A9C00CA41D2 /* RepoDetailsInteractorImpl.m in Sources */,
				32BA43672571A134006FAF07 /* ContributorsViewController.swift in Sources */,
				3276F39725718092005D2C07 /* ChartColorTemplates.swift in Sources */,
				323E09E72571B0D60039A07C /* ContributorsTableViewCell.swift in Sources */,
			);
			runOnlyForDeploymentPostprocessing = 0;
		};
/* End PBXSourcesBuildPhase section */

/* Begin PBXVariantGroup section */
		327E2FE02570174F00CA41D2 /* LaunchScreen.storyboard */ = {
			isa = PBXVariantGroup;
			children = (
				327E2FE12570174F00CA41D2 /* Base */,
			);
			name = LaunchScreen.storyboard;
			sourceTree = "<group>";
		};
/* End PBXVariantGroup section */

/* Begin XCBuildConfiguration section */
		327E2FE62570174F00CA41D2 /* Debug */ = {
			isa = XCBuildConfiguration;
			buildSettings = {
				ALWAYS_SEARCH_USER_PATHS = NO;
				CLANG_ANALYZER_NONNULL = YES;
				CLANG_ANALYZER_NUMBER_OBJECT_CONVERSION = YES_AGGRESSIVE;
				CLANG_CXX_LANGUAGE_STANDARD = "gnu++14";
				CLANG_CXX_LIBRARY = "libc++";
				CLANG_ENABLE_MODULES = YES;
				CLANG_ENABLE_OBJC_ARC = YES;
				CLANG_ENABLE_OBJC_WEAK = YES;
				CLANG_WARN_BLOCK_CAPTURE_AUTORELEASING = YES;
				CLANG_WARN_BOOL_CONVERSION = YES;
				CLANG_WARN_COMMA = YES;
				CLANG_WARN_CONSTANT_CONVERSION = YES;
				CLANG_WARN_DEPRECATED_OBJC_IMPLEMENTATIONS = YES;
				CLANG_WARN_DIRECT_OBJC_ISA_USAGE = YES_ERROR;
				CLANG_WARN_DOCUMENTATION_COMMENTS = YES;
				CLANG_WARN_EMPTY_BODY = YES;
				CLANG_WARN_ENUM_CONVERSION = YES;
				CLANG_WARN_INFINITE_RECURSION = YES;
				CLANG_WARN_INT_CONVERSION = YES;
				CLANG_WARN_NON_LITERAL_NULL_CONVERSION = YES;
				CLANG_WARN_OBJC_IMPLICIT_RETAIN_SELF = YES;
				CLANG_WARN_OBJC_LITERAL_CONVERSION = YES;
				CLANG_WARN_OBJC_ROOT_CLASS = YES_ERROR;
				CLANG_WARN_QUOTED_INCLUDE_IN_FRAMEWORK_HEADER = YES;
				CLANG_WARN_RANGE_LOOP_ANALYSIS = YES;
				CLANG_WARN_STRICT_PROTOTYPES = YES;
				CLANG_WARN_SUSPICIOUS_MOVE = YES;
				CLANG_WARN_UNGUARDED_AVAILABILITY = YES_AGGRESSIVE;
				CLANG_WARN_UNREACHABLE_CODE = YES;
				CLANG_WARN__DUPLICATE_METHOD_MATCH = YES;
				COPY_PHASE_STRIP = NO;
				DEBUG_INFORMATION_FORMAT = dwarf;
				ENABLE_STRICT_OBJC_MSGSEND = YES;
				ENABLE_TESTABILITY = YES;
				GCC_C_LANGUAGE_STANDARD = gnu11;
				GCC_DYNAMIC_NO_PIC = NO;
				GCC_NO_COMMON_BLOCKS = YES;
				GCC_OPTIMIZATION_LEVEL = 0;
				GCC_PREPROCESSOR_DEFINITIONS = (
					"DEBUG=1",
					"$(inherited)",
				);
				GCC_WARN_64_TO_32_BIT_CONVERSION = YES;
				GCC_WARN_ABOUT_RETURN_TYPE = YES_ERROR;
				GCC_WARN_UNDECLARED_SELECTOR = YES;
				GCC_WARN_UNINITIALIZED_AUTOS = YES_AGGRESSIVE;
				GCC_WARN_UNUSED_FUNCTION = YES;
				GCC_WARN_UNUSED_VARIABLE = YES;
				IPHONEOS_DEPLOYMENT_TARGET = 14.2;
				MTL_ENABLE_DEBUG_INFO = INCLUDE_SOURCE;
				MTL_FAST_MATH = YES;
				ONLY_ACTIVE_ARCH = YES;
				SDKROOT = iphoneos;
			};
			name = Debug;
		};
		327E2FE72570174F00CA41D2 /* Release */ = {
			isa = XCBuildConfiguration;
			buildSettings = {
				ALWAYS_SEARCH_USER_PATHS = NO;
				CLANG_ANALYZER_NONNULL = YES;
				CLANG_ANALYZER_NUMBER_OBJECT_CONVERSION = YES_AGGRESSIVE;
				CLANG_CXX_LANGUAGE_STANDARD = "gnu++14";
				CLANG_CXX_LIBRARY = "libc++";
				CLANG_ENABLE_MODULES = YES;
				CLANG_ENABLE_OBJC_ARC = YES;
				CLANG_ENABLE_OBJC_WEAK = YES;
				CLANG_WARN_BLOCK_CAPTURE_AUTORELEASING = YES;
				CLANG_WARN_BOOL_CONVERSION = YES;
				CLANG_WARN_COMMA = YES;
				CLANG_WARN_CONSTANT_CONVERSION = YES;
				CLANG_WARN_DEPRECATED_OBJC_IMPLEMENTATIONS = YES;
				CLANG_WARN_DIRECT_OBJC_ISA_USAGE = YES_ERROR;
				CLANG_WARN_DOCUMENTATION_COMMENTS = YES;
				CLANG_WARN_EMPTY_BODY = YES;
				CLANG_WARN_ENUM_CONVERSION = YES;
				CLANG_WARN_INFINITE_RECURSION = YES;
				CLANG_WARN_INT_CONVERSION = YES;
				CLANG_WARN_NON_LITERAL_NULL_CONVERSION = YES;
				CLANG_WARN_OBJC_IMPLICIT_RETAIN_SELF = YES;
				CLANG_WARN_OBJC_LITERAL_CONVERSION = YES;
				CLANG_WARN_OBJC_ROOT_CLASS = YES_ERROR;
				CLANG_WARN_QUOTED_INCLUDE_IN_FRAMEWORK_HEADER = YES;
				CLANG_WARN_RANGE_LOOP_ANALYSIS = YES;
				CLANG_WARN_STRICT_PROTOTYPES = YES;
				CLANG_WARN_SUSPICIOUS_MOVE = YES;
				CLANG_WARN_UNGUARDED_AVAILABILITY = YES_AGGRESSIVE;
				CLANG_WARN_UNREACHABLE_CODE = YES;
				CLANG_WARN__DUPLICATE_METHOD_MATCH = YES;
				COPY_PHASE_STRIP = NO;
				DEBUG_INFORMATION_FORMAT = "dwarf-with-dsym";
				ENABLE_NS_ASSERTIONS = NO;
				ENABLE_STRICT_OBJC_MSGSEND = YES;
				GCC_C_LANGUAGE_STANDARD = gnu11;
				GCC_NO_COMMON_BLOCKS = YES;
				GCC_WARN_64_TO_32_BIT_CONVERSION = YES;
				GCC_WARN_ABOUT_RETURN_TYPE = YES_ERROR;
				GCC_WARN_UNDECLARED_SELECTOR = YES;
				GCC_WARN_UNINITIALIZED_AUTOS = YES_AGGRESSIVE;
				GCC_WARN_UNUSED_FUNCTION = YES;
				GCC_WARN_UNUSED_VARIABLE = YES;
				IPHONEOS_DEPLOYMENT_TARGET = 14.2;
				MTL_ENABLE_DEBUG_INFO = NO;
				MTL_FAST_MATH = YES;
				SDKROOT = iphoneos;
				VALIDATE_PRODUCT = YES;
			};
			name = Release;
		};
		327E2FE92570174F00CA41D2 /* Debug */ = {
			isa = XCBuildConfiguration;
			baseConfigurationReference = 85172ED588BF9050E6D00F79 /* Pods-RobustaTask.debug.xcconfig */;
			buildSettings = {
				ASSETCATALOG_COMPILER_APPICON_NAME = AppIcon;
				ASSETCATALOG_COMPILER_GLOBAL_ACCENT_COLOR_NAME = AccentColor;
				CLANG_ENABLE_MODULES = YES;
				CODE_SIGN_STYLE = Automatic;
				DEFINES_MODULE = YES;
				DEVELOPMENT_TEAM = MLXYZ7TJ5Q;
				INFOPLIST_FILE = RobustaTask/Info.plist;
				LD_RUNPATH_SEARCH_PATHS = (
					"$(inherited)",
					"@executable_path/Frameworks",
				);
				PRODUCT_BUNDLE_IDENTIFIER = ZyadGalal.RobustaTask;
				PRODUCT_NAME = "$(TARGET_NAME)";
				SWIFT_OBJC_BRIDGING_HEADER = "RobustaTask/RobustaTask-Bridging-Header.h";
				SWIFT_OPTIMIZATION_LEVEL = "-Onone";
				SWIFT_VERSION = 5.0;
				TARGETED_DEVICE_FAMILY = "1,2";
			};
			name = Debug;
		};
		327E2FEA2570174F00CA41D2 /* Release */ = {
			isa = XCBuildConfiguration;
			baseConfigurationReference = 27175006A99153B5FB24F334 /* Pods-RobustaTask.release.xcconfig */;
			buildSettings = {
				ASSETCATALOG_COMPILER_APPICON_NAME = AppIcon;
				ASSETCATALOG_COMPILER_GLOBAL_ACCENT_COLOR_NAME = AccentColor;
				CLANG_ENABLE_MODULES = YES;
				CODE_SIGN_STYLE = Automatic;
				DEFINES_MODULE = YES;
				DEVELOPMENT_TEAM = MLXYZ7TJ5Q;
				INFOPLIST_FILE = RobustaTask/Info.plist;
				LD_RUNPATH_SEARCH_PATHS = (
					"$(inherited)",
					"@executable_path/Frameworks",
				);
				PRODUCT_BUNDLE_IDENTIFIER = ZyadGalal.RobustaTask;
				PRODUCT_NAME = "$(TARGET_NAME)";
				SWIFT_OBJC_BRIDGING_HEADER = "RobustaTask/RobustaTask-Bridging-Header.h";
				SWIFT_VERSION = 5.0;
				TARGETED_DEVICE_FAMILY = "1,2";
			};
			name = Release;
		};
/* End XCBuildConfiguration section */

/* Begin XCConfigurationList section */
		327E2FCA2570174E00CA41D2 /* Build configuration list for PBXProject "RobustaTask" */ = {
			isa = XCConfigurationList;
			buildConfigurations = (
				327E2FE62570174F00CA41D2 /* Debug */,
				327E2FE72570174F00CA41D2 /* Release */,
			);
			defaultConfigurationIsVisible = 0;
			defaultConfigurationName = Release;
		};
		327E2FE82570174F00CA41D2 /* Build configuration list for PBXNativeTarget "RobustaTask" */ = {
			isa = XCConfigurationList;
			buildConfigurations = (
				327E2FE92570174F00CA41D2 /* Debug */,
				327E2FEA2570174F00CA41D2 /* Release */,
			);
			defaultConfigurationIsVisible = 0;
			defaultConfigurationName = Release;
		};
/* End XCConfigurationList section */

/* Begin XCVersionGroup section */
		32C9ADDE257277A200EEB744 /* RobustaTask.xcdatamodeld */ = {
			isa = XCVersionGroup;
			children = (
				32C9ADDF257277A200EEB744 /* Repo.xcdatamodel */,
			);
			currentVersion = 32C9ADDF257277A200EEB744 /* Repo.xcdatamodel */;
			path = RobustaTask.xcdatamodeld;
			sourceTree = "<group>";
			versionGroupType = wrapper.xcdatamodel;
		};
/* End XCVersionGroup section */
	};
	rootObject = 327E2FC72570174E00CA41D2 /* Project object */;
}
